
Microsoft Visual Studio Solution File, Format Version 12.00
# Visual Studio 15
VisualStudioVersion = 15.0.28307.136
MinimumVisualStudioVersion = 10.0.40219.1
Project("{FAE04EC0-301F-11D3-BF4B-00C04F79EFBC}") = "BIZ", "BIZ\BIZ.csproj", "{89D3A426-EDC2-4810-A58F-D87B754C48D2}"
EndProject
Project("{FAE04EC0-301F-11D3-BF4B-00C04F79EFBC}") = "IO-DB", "IO-DB\IO-DB.csproj", "{9931394A-69E0-41BF-B32F-AE8180CA3219}"
EndProject
Project("{FAE04EC0-301F-11D3-BF4B-00C04F79EFBC}") = "REPO", "REPO\REPO.csproj", "{6F36C261-8FDD-4D5D-90EE-5E397194195D}"
EndProject
Project("{FAE04EC0-301F-11D3-BF4B-00C04F79EFBC}") = "GUI", "GUI\GUI.csproj", "{7E79CF72-16CC-4E35-8486-535D22F27BC6}"
EndProject
Global
	GlobalSection(SolutionConfigurationPlatforms) = preSolution
		Debug|Any CPU = Debug|Any CPU
		Debug|ARM = Debug|ARM
		Debug|ARM64 = Debug|ARM64
		Debug|x64 = Debug|x64
		Debug|x86 = Debug|x86
		Release|Any CPU = Release|Any CPU
		Release|ARM = Release|ARM
		Release|ARM64 = Release|ARM64
		Release|x64 = Release|x64
		Release|x86 = Release|x86
	EndGlobalSection
	GlobalSection(ProjectConfigurationPlatforms) = postSolution
		{89D3A426-EDC2-4810-A58F-D87B754C48D2}.Debug|Any CPU.ActiveCfg = Debug|Any CPU
		{89D3A426-EDC2-4810-A58F-D87B754C48D2}.Debug|Any CPU.Build.0 = Debug|Any CPU
		{89D3A426-EDC2-4810-A58F-D87B754C48D2}.Debug|ARM.ActiveCfg = Debug|Any CPU
		{89D3A426-EDC2-4810-A58F-D87B754C48D2}.Debug|ARM.Build.0 = Debug|Any CPU
		{89D3A426-EDC2-4810-A58F-D87B754C48D2}.Debug|ARM64.ActiveCfg = Debug|Any CPU
		{89D3A426-EDC2-4810-A58F-D87B754C48D2}.Debug|ARM64.Build.0 = Debug|Any CPU
		{89D3A426-EDC2-4810-A58F-D87B754C48D2}.Debug|x64.ActiveCfg = Debug|Any CPU
		{89D3A426-EDC2-4810-A58F-D87B754C48D2}.Debug|x64.Build.0 = Debug|Any CPU
		{89D3A426-EDC2-4810-A58F-D87B754C48D2}.Debug|x86.ActiveCfg = Debug|Any CPU
		{89D3A426-EDC2-4810-A58F-D87B754C48D2}.Debug|x86.Build.0 = Debug|Any CPU
		{89D3A426-EDC2-4810-A58F-D87B754C48D2}.Release|Any CPU.ActiveCfg = Release|Any CPU
		{89D3A426-EDC2-4810-A58F-D87B754C48D2}.Release|Any CPU.Build.0 = Release|Any CPU
		{89D3A426-EDC2-4810-A58F-D87B754C48D2}.Release|ARM.ActiveCfg = Release|Any CPU
		{89D3A426-EDC2-4810-A58F-D87B754C48D2}.Release|ARM.Build.0 = Release|Any CPU
		{89D3A426-EDC2-4810-A58F-D87B754C48D2}.Release|ARM64.ActiveCfg = Release|Any CPU
		{89D3A426-EDC2-4810-A58F-D87B754C48D2}.Release|ARM64.Build.0 = Release|Any CPU
		{89D3A426-EDC2-4810-A58F-D87B754C48D2}.Release|x64.ActiveCfg = Release|Any CPU
		{89D3A426-EDC2-4810-A58F-D87B754C48D2}.Release|x64.Build.0 = Release|Any CPU
		{89D3A426-EDC2-4810-A58F-D87B754C48D2}.Release|x86.ActiveCfg = Release|Any CPU
		{89D3A426-EDC2-4810-A58F-D87B754C48D2}.Release|x86.Build.0 = Release|Any CPU
		{9931394A-69E0-41BF-B32F-AE8180CA3219}.Debug|Any CPU.ActiveCfg = Debug|Any CPU
		{9931394A-69E0-41BF-B32F-AE8180CA3219}.Debug|Any CPU.Build.0 = Debug|Any CPU
		{9931394A-69E0-41BF-B32F-AE8180CA3219}.Debug|ARM.ActiveCfg = Debug|Any CPU
		{9931394A-69E0-41BF-B32F-AE8180CA3219}.Debug|ARM.Build.0 = Debug|Any CPU
		{9931394A-69E0-41BF-B32F-AE8180CA3219}.Debug|ARM64.ActiveCfg = Debug|Any CPU
		{9931394A-69E0-41BF-B32F-AE8180CA3219}.Debug|ARM64.Build.0 = Debug|Any CPU
		{9931394A-69E0-41BF-B32F-AE8180CA3219}.Debug|x64.ActiveCfg = Debug|Any CPU
		{9931394A-69E0-41BF-B32F-AE8180CA3219}.Debug|x64.Build.0 = Debug|Any CPU
		{9931394A-69E0-41BF-B32F-AE8180CA3219}.Debug|x86.ActiveCfg = Debug|Any CPU
		{9931394A-69E0-41BF-B32F-AE8180CA3219}.Debug|x86.Build.0 = Debug|Any CPU
		{9931394A-69E0-41BF-B32F-AE8180CA3219}.Release|Any CPU.ActiveCfg = Release|Any CPU
		{9931394A-69E0-41BF-B32F-AE8180CA3219}.Release|Any CPU.Build.0 = Release|Any CPU
		{9931394A-69E0-41BF-B32F-AE8180CA3219}.Release|ARM.ActiveCfg = Release|Any CPU
		{9931394A-69E0-41BF-B32F-AE8180CA3219}.Release|ARM.Build.0 = Release|Any CPU
		{9931394A-69E0-41BF-B32F-AE8180CA3219}.Release|ARM64.ActiveCfg = Release|Any CPU
		{9931394A-69E0-41BF-B32F-AE8180CA3219}.Release|ARM64.Build.0 = Release|Any CPU
		{9931394A-69E0-41BF-B32F-AE8180CA3219}.Release|x64.ActiveCfg = Release|Any CPU
		{9931394A-69E0-41BF-B32F-AE8180CA3219}.Release|x64.Build.0 = Release|Any CPU
		{9931394A-69E0-41BF-B32F-AE8180CA3219}.Release|x86.ActiveCfg = Release|Any CPU
		{9931394A-69E0-41BF-B32F-AE8180CA3219}.Release|x86.Build.0 = Release|Any CPU
		{6F36C261-8FDD-4D5D-90EE-5E397194195D}.Debug|Any CPU.ActiveCfg = Debug|Any CPU
		{6F36C261-8FDD-4D5D-90EE-5E397194195D}.Debug|Any CPU.Build.0 = Debug|Any CPU
		{6F36C261-8FDD-4D5D-90EE-5E397194195D}.Debug|ARM.ActiveCfg = Debug|Any CPU
		{6F36C261-8FDD-4D5D-90EE-5E397194195D}.Debug|ARM.Build.0 = Debug|Any CPU
		{6F36C261-8FDD-4D5D-90EE-5E397194195D}.Debug|ARM64.ActiveCfg = Debug|Any CPU
		{6F36C261-8FDD-4D5D-90EE-5E397194195D}.Debug|ARM64.Build.0 = Debug|Any CPU
		{6F36C261-8FDD-4D5D-90EE-5E397194195D}.Debug|x64.ActiveCfg = Debug|Any CPU
		{6F36C261-8FDD-4D5D-90EE-5E397194195D}.Debug|x64.Build.0 = Debug|Any CPU
		{6F36C261-8FDD-4D5D-90EE-5E397194195D}.Debug|x86.ActiveCfg = Debug|Any CPU
		{6F36C261-8FDD-4D5D-90EE-5E397194195D}.Debug|x86.Build.0 = Debug|Any CPU
		{6F36C261-8FDD-4D5D-90EE-5E397194195D}.Release|Any CPU.ActiveCfg = Release|Any CPU
		{6F36C261-8FDD-4D5D-90EE-5E397194195D}.Release|Any CPU.Build.0 = Release|Any CPU
		{6F36C261-8FDD-4D5D-90EE-5E397194195D}.Release|ARM.ActiveCfg = Release|Any CPU
		{6F36C261-8FDD-4D5D-90EE-5E397194195D}.Release|ARM.Build.0 = Release|Any CPU
		{6F36C261-8FDD-4D5D-90EE-5E397194195D}.Release|ARM64.ActiveCfg = Release|Any CPU
		{6F36C261-8FDD-4D5D-90EE-5E397194195D}.Release|ARM64.Build.0 = Release|Any CPU
		{6F36C261-8FDD-4D5D-90EE-5E397194195D}.Release|x64.ActiveCfg = Release|Any CPU
		{6F36C261-8FDD-4D5D-90EE-5E397194195D}.Release|x64.Build.0 = Release|Any CPU
		{6F36C261-8FDD-4D5D-90EE-5E397194195D}.Release|x86.ActiveCfg = Release|Any CPU
		{6F36C261-8FDD-4D5D-90EE-5E397194195D}.Release|x86.Build.0 = Release|Any CPU
		{7E79CF72-16CC-4E35-8486-535D22F27BC6}.Debug|Any CPU.ActiveCfg = Debug|Any CPU
		{7E79CF72-16CC-4E35-8486-535D22F27BC6}.Debug|Any CPU.Build.0 = Debug|Any CPU
		{7E79CF72-16CC-4E35-8486-535D22F27BC6}.Debug|ARM.ActiveCfg = Debug|Any CPU
		{7E79CF72-16CC-4E35-8486-535D22F27BC6}.Debug|ARM.Build.0 = Debug|Any CPU
		{7E79CF72-16CC-4E35-8486-535D22F27BC6}.Debug|ARM64.ActiveCfg = Debug|Any CPU
		{7E79CF72-16CC-4E35-8486-535D22F27BC6}.Debug|ARM64.Build.0 = Debug|Any CPU
		{7E79CF72-16CC-4E35-8486-535D22F27BC6}.Debug|x64.ActiveCfg = Debug|Any CPU
		{7E79CF72-16CC-4E35-8486-535D22F27BC6}.Debug|x64.Build.0 = Debug|Any CPU
		{7E79CF72-16CC-4E35-8486-535D22F27BC6}.Debug|x86.ActiveCfg = Debug|Any CPU
		{7E79CF72-16CC-4E35-8486-535D22F27BC6}.Debug|x86.Build.0 = Debug|Any CPU
		{7E79CF72-16CC-4E35-8486-535D22F27BC6}.Release|Any CPU.ActiveCfg = Release|Any CPU
		{7E79CF72-16CC-4E35-8486-535D22F27BC6}.Release|Any CPU.Build.0 = Release|Any CPU
		{7E79CF72-16CC-4E35-8486-535D22F27BC6}.Release|ARM.ActiveCfg = Release|Any CPU
		{7E79CF72-16CC-4E35-8486-535D22F27BC6}.Release|ARM.Build.0 = Release|Any CPU
		{7E79CF72-16CC-4E35-8486-535D22F27BC6}.Release|ARM64.ActiveCfg = Release|Any CPU
		{7E79CF72-16CC-4E35-8486-535D22F27BC6}.Release|ARM64.Build.0 = Release|Any CPU
		{7E79CF72-16CC-4E35-8486-535D22F27BC6}.Release|x64.ActiveCfg = Release|Any CPU
		{7E79CF72-16CC-4E35-8486-535D22F27BC6}.Release|x64.Build.0 = Release|Any CPU
		{7E79CF72-16CC-4E35-8486-535D22F27BC6}.Release|x86.ActiveCfg = Release|Any CPU
		{7E79CF72-16CC-4E35-8486-535D22F27BC6}.Release|x86.Build.0 = Release|Any CPU
	EndGlobalSection
	GlobalSection(SolutionProperties) = preSolution
		HideSolutionNode = FALSE
	EndGlobalSection
	GlobalSection(ExtensibilityGlobals) = postSolution
		SolutionGuid = {E11170F1-FBC7-4FC0-B85D-AB161A470F88}
	EndGlobalSection
EndGlobal
